
Microsoft Visual Studio Solution File, Format Version 12.00
# Visual Studio 2012
Project("{FAE04EC0-301F-11D3-BF4B-00C04F79EFBC}") = "MyVanguardExperience", "MyVanguardExperience\MyVanguardExperience.csproj", "{7FBB13B6-0F7E-4899-B2AF-14C806DAF340}"
EndProject
Project("{FAE04EC0-301F-11D3-BF4B-00C04F79EFBC}") = "MyVanguardExperience.iOS", "iOS\MyVanguardExperience.iOS.csproj", "{0D0EDB1D-E512-4442-B73B-A747164DDD59}"
EndProject
Project("{FAE04EC0-301F-11D3-BF4B-00C04F79EFBC}") = "MyVanguardExperience.Droid", "Droid\MyVanguardExperience.Droid.csproj", "{121AFF14-C604-4D3A-B1ED-98B008C79D99}"
EndProject
Global
	GlobalSection(SolutionConfigurationPlatforms) = preSolution
		Debug|Any CPU = Debug|Any CPU
		Release|Any CPU = Release|Any CPU
		Debug|iPhoneSimulator = Debug|iPhoneSimulator
		Release|iPhone = Release|iPhone
		Release|iPhoneSimulator = Release|iPhoneSimulator
		Debug|iPhone = Debug|iPhone
	EndGlobalSection
	GlobalSection(ProjectConfigurationPlatforms) = postSolution
		{7FBB13B6-0F7E-4899-B2AF-14C806DAF340}.Debug|Any CPU.ActiveCfg = Debug|Any CPU
		{7FBB13B6-0F7E-4899-B2AF-14C806DAF340}.Debug|Any CPU.Build.0 = Debug|Any CPU
		{7FBB13B6-0F7E-4899-B2AF-14C806DAF340}.Release|Any CPU.ActiveCfg = Release|Any CPU
		{7FBB13B6-0F7E-4899-B2AF-14C806DAF340}.Release|Any CPU.Build.0 = Release|Any CPU
		{7FBB13B6-0F7E-4899-B2AF-14C806DAF340}.Debug|iPhoneSimulator.ActiveCfg = Debug|Any CPU
		{7FBB13B6-0F7E-4899-B2AF-14C806DAF340}.Debug|iPhoneSimulator.Build.0 = Debug|Any CPU
		{7FBB13B6-0F7E-4899-B2AF-14C806DAF340}.Release|iPhone.ActiveCfg = Release|Any CPU
		{7FBB13B6-0F7E-4899-B2AF-14C806DAF340}.Release|iPhone.Build.0 = Release|Any CPU
		{7FBB13B6-0F7E-4899-B2AF-14C806DAF340}.Release|iPhoneSimulator.ActiveCfg = Release|Any CPU
		{7FBB13B6-0F7E-4899-B2AF-14C806DAF340}.Release|iPhoneSimulator.Build.0 = Release|Any CPU
		{7FBB13B6-0F7E-4899-B2AF-14C806DAF340}.Debug|iPhone.ActiveCfg = Debug|Any CPU
		{7FBB13B6-0F7E-4899-B2AF-14C806DAF340}.Debug|iPhone.Build.0 = Debug|Any CPU
		{0D0EDB1D-E512-4442-B73B-A747164DDD59}.Debug|Any CPU.ActiveCfg = Debug|iPhoneSimulator
		{0D0EDB1D-E512-4442-B73B-A747164DDD59}.Debug|Any CPU.Build.0 = Debug|iPhoneSimulator
		{0D0EDB1D-E512-4442-B73B-A747164DDD59}.Release|Any CPU.ActiveCfg = Release|iPhone
		{0D0EDB1D-E512-4442-B73B-A747164DDD59}.Release|Any CPU.Build.0 = Release|iPhone
		{0D0EDB1D-E512-4442-B73B-A747164DDD59}.Debug|iPhoneSimulator.ActiveCfg = Debug|iPhoneSimulator
		{0D0EDB1D-E512-4442-B73B-A747164DDD59}.Debug|iPhoneSimulator.Build.0 = Debug|iPhoneSimulator
		{0D0EDB1D-E512-4442-B73B-A747164DDD59}.Release|iPhone.ActiveCfg = Release|iPhone
		{0D0EDB1D-E512-4442-B73B-A747164DDD59}.Release|iPhone.Build.0 = Release|iPhone
		{0D0EDB1D-E512-4442-B73B-A747164DDD59}.Release|iPhoneSimulator.ActiveCfg = Release|iPhoneSimulator
		{0D0EDB1D-E512-4442-B73B-A747164DDD59}.Release|iPhoneSimulator.Build.0 = Release|iPhoneSimulator
		{0D0EDB1D-E512-4442-B73B-A747164DDD59}.Debug|iPhone.ActiveCfg = Debug|iPhone
		{0D0EDB1D-E512-4442-B73B-A747164DDD59}.Debug|iPhone.Build.0 = Debug|iPhone
		{121AFF14-C604-4D3A-B1ED-98B008C79D99}.Debug|Any CPU.ActiveCfg = Debug|Any CPU
		{121AFF14-C604-4D3A-B1ED-98B008C79D99}.Debug|Any CPU.Build.0 = Debug|Any CPU
		{121AFF14-C604-4D3A-B1ED-98B008C79D99}.Release|Any CPU.ActiveCfg = Release|Any CPU
		{121AFF14-C604-4D3A-B1ED-98B008C79D99}.Release|Any CPU.Build.0 = Release|Any CPU
		{121AFF14-C604-4D3A-B1ED-98B008C79D99}.Debug|iPhoneSimulator.ActiveCfg = Debug|Any CPU
		{121AFF14-C604-4D3A-B1ED-98B008C79D99}.Debug|iPhoneSimulator.Build.0 = Debug|Any CPU
		{121AFF14-C604-4D3A-B1ED-98B008C79D99}.Release|iPhone.ActiveCfg = Release|Any CPU
		{121AFF14-C604-4D3A-B1ED-98B008C79D99}.Release|iPhone.Build.0 = Release|Any CPU
		{121AFF14-C604-4D3A-B1ED-98B008C79D99}.Release|iPhoneSimulator.ActiveCfg = Release|Any CPU
		{121AFF14-C604-4D3A-B1ED-98B008C79D99}.Release|iPhoneSimulator.Build.0 = Release|Any CPU
		{121AFF14-C604-4D3A-B1ED-98B008C79D99}.Debug|iPhone.ActiveCfg = Debug|Any CPU
		{121AFF14-C604-4D3A-B1ED-98B008C79D99}.Debug|iPhone.Build.0 = Debug|Any CPU
	EndGlobalSection
EndGlobal
